
Microsoft Visual Studio Solution File, Format Version 12.00
# Visual Studio Version 17
VisualStudioVersion = 17.8.34330.188
MinimumVisualStudioVersion = 10.0.40219.1
Project("{FAE04EC0-301F-11D3-BF4B-00C04F79EFBC}") = "Week7Functions", "Week7Functions\Week7Functions.csproj", "{9212E3C4-4149-4AEC-B0B8-300642BF980C}"
EndProject
Project("{FAE04EC0-301F-11D3-BF4B-00C04F79EFBC}") = "ArgumentsAndParameters", "ArgumentsAndParameters\ArgumentsAndParameters.csproj", "{E1E38FA8-84BD-40B7-BC9D-523E640A90FE}"
EndProject
Project("{FAE04EC0-301F-11D3-BF4B-00C04F79EFBC}") = "Calculator", "Calculator\Calculator.csproj", "{BA99836A-06E0-4B51-9871-C1A6900D5649}"
EndProject
Project("{FAE04EC0-301F-11D3-BF4B-00C04F79EFBC}") = "DiscountCalculator", "DiscountCalculator\DiscountCalculator.csproj", "{4291A899-695D-402B-B870-1A052698E444}"
EndProject
Project("{FAE04EC0-301F-11D3-BF4B-00C04F79EFBC}") = "Test", "Test\Test.csproj", "{662C0048-8C62-4140-A103-B4E38E7B28A2}"
EndProject
Global
	GlobalSection(SolutionConfigurationPlatforms) = preSolution
		Debug|Any CPU = Debug|Any CPU
		Release|Any CPU = Release|Any CPU
	EndGlobalSection
	GlobalSection(ProjectConfigurationPlatforms) = postSolution
		{9212E3C4-4149-4AEC-B0B8-300642BF980C}.Debug|Any CPU.ActiveCfg = Debug|Any CPU
		{9212E3C4-4149-4AEC-B0B8-300642BF980C}.Debug|Any CPU.Build.0 = Debug|Any CPU
		{9212E3C4-4149-4AEC-B0B8-300642BF980C}.Release|Any CPU.ActiveCfg = Release|Any CPU
		{9212E3C4-4149-4AEC-B0B8-300642BF980C}.Release|Any CPU.Build.0 = Release|Any CPU
		{E1E38FA8-84BD-40B7-BC9D-523E640A90FE}.Debug|Any CPU.ActiveCfg = Debug|Any CPU
		{E1E38FA8-84BD-40B7-BC9D-523E640A90FE}.Debug|Any CPU.Build.0 = Debug|Any CPU
		{E1E38FA8-84BD-40B7-BC9D-523E640A90FE}.Release|Any CPU.ActiveCfg = Release|Any CPU
		{E1E38FA8-84BD-40B7-BC9D-523E640A90FE}.Release|Any CPU.Build.0 = Release|Any CPU
		{BA99836A-06E0-4B51-9871-C1A6900D5649}.Debug|Any CPU.ActiveCfg = Debug|Any CPU
		{BA99836A-06E0-4B51-9871-C1A6900D5649}.Debug|Any CPU.Build.0 = Debug|Any CPU
		{BA99836A-06E0-4B51-9871-C1A6900D5649}.Release|Any CPU.ActiveCfg = Release|Any CPU
		{BA99836A-06E0-4B51-9871-C1A6900D5649}.Release|Any CPU.Build.0 = Release|Any CPU
		{4291A899-695D-402B-B870-1A052698E444}.Debug|Any CPU.ActiveCfg = Debug|Any CPU
		{4291A899-695D-402B-B870-1A052698E444}.Debug|Any CPU.Build.0 = Debug|Any CPU
		{4291A899-695D-402B-B870-1A052698E444}.Release|Any CPU.ActiveCfg = Release|Any CPU
		{4291A899-695D-402B-B870-1A052698E444}.Release|Any CPU.Build.0 = Release|Any CPU
		{662C0048-8C62-4140-A103-B4E38E7B28A2}.Debug|Any CPU.ActiveCfg = Debug|Any CPU
		{662C0048-8C62-4140-A103-B4E38E7B28A2}.Debug|Any CPU.Build.0 = Debug|Any CPU
		{662C0048-8C62-4140-A103-B4E38E7B28A2}.Release|Any CPU.ActiveCfg = Release|Any CPU
		{662C0048-8C62-4140-A103-B4E38E7B28A2}.Release|Any CPU.Build.0 = Release|Any CPU
	EndGlobalSection
	GlobalSection(SolutionProperties) = preSolution
		HideSolutionNode = FALSE
	EndGlobalSection
	GlobalSection(ExtensibilityGlobals) = postSolution
		SolutionGuid = {A0456097-BE5C-4D44-A213-D2211184A815}
	EndGlobalSection
EndGlobal
